<Solution>
  <Folder Name="/building-blocks/">
    <Project Path="building-blocks/BuildingBlocks/BuildingBlocks.csproj" Id="6d9a36ec-4311-4df7-8c57-951c9f9d6366" />
  </Folder>
  <Folder Name="/services/" />
  <Folder Name="/services/basket/">
    <Project Path="services/basket/Basket.API/Basket.API.csproj" Id="e34178b6-f8ac-4d6b-a286-5d39fdce9b8c" />
  </Folder>
  <Folder Name="/services/catalog/">
    <Project Path="services/catalog/Catalog.API/Catalog.API.csproj" />
  </Folder>
  <Project Path="docker-compose.dcproj">
    <Build />
  </Project>
</Solution>
